
Microsoft Visual Studio Solution File, Format Version 12.00
# Visual Studio Version 16
VisualStudioVersion = 16.0.29418.71
MinimumVisualStudioVersion = 10.0.40219.1
Project("{9A19103F-16F7-4668-BE54-9A1E7A4F7556}") = "Hardline Dreams MxO server", "hds\Hardline Dreams MxO server.csproj", "{F0E0C963-9349-4770-A5E4-40A80B5C685D}"
EndProject
Project("{2150E333-8FDC-42A3-9474-1A3956D46DE8}") = "tests", "tests", "{0AB3BF05-4346-4AA6-1389-037BE0695223}"
EndProject
Project("{FAE04EC0-301F-11D3-BF4B-00C04F79EFBC}") = "hds.Tests", "tests\hds.Tests\hds.Tests.csproj", "{3D4B75EA-6D4D-4CC3-AFD8-A96263D3A1BF}"
EndProject
Project("{2150E333-8FDC-42A3-9474-1A3956D46DE8}") = "tools", "tools", "{07C2787E-EAC7-C090-1BA3-A61EC2A24D84}"
EndProject
Project("{FAE04EC0-301F-11D3-BF4B-00C04F79EFBC}") = "LoadTest", "tools\LoadTest\LoadTest.csproj", "{A550944B-0917-4088-9725-F20741ADC061}"
EndProject
Project("{FAE04EC0-301F-11D3-BF4B-00C04F79EFBC}") = "PacketResearch", "tools\PacketResearch\PacketResearch.csproj", "{5B5100C3-52AB-4B47-8FEF-835280590DEB}"
EndProject
Global
	GlobalSection(SolutionConfigurationPlatforms) = preSolution
		Debug|Any CPU = Debug|Any CPU
		Debug|x64 = Debug|x64
		Debug|x86 = Debug|x86
		Release|Any CPU = Release|Any CPU
		Release|x64 = Release|x64
		Release|x86 = Release|x86
	EndGlobalSection
	GlobalSection(ProjectConfigurationPlatforms) = postSolution
		{F0E0C963-9349-4770-A5E4-40A80B5C685D}.Debug|Any CPU.ActiveCfg = Debug|Any CPU
		{F0E0C963-9349-4770-A5E4-40A80B5C685D}.Debug|Any CPU.Build.0 = Debug|Any CPU
		{F0E0C963-9349-4770-A5E4-40A80B5C685D}.Debug|x64.ActiveCfg = Debug|Any CPU
		{F0E0C963-9349-4770-A5E4-40A80B5C685D}.Debug|x64.Build.0 = Debug|Any CPU
		{F0E0C963-9349-4770-A5E4-40A80B5C685D}.Debug|x86.ActiveCfg = Debug|Any CPU
		{F0E0C963-9349-4770-A5E4-40A80B5C685D}.Debug|x86.Build.0 = Debug|Any CPU
		{F0E0C963-9349-4770-A5E4-40A80B5C685D}.Release|Any CPU.ActiveCfg = Release|Any CPU
		{F0E0C963-9349-4770-A5E4-40A80B5C685D}.Release|Any CPU.Build.0 = Release|Any CPU
		{F0E0C963-9349-4770-A5E4-40A80B5C685D}.Release|x64.ActiveCfg = Release|Any CPU
		{F0E0C963-9349-4770-A5E4-40A80B5C685D}.Release|x64.Build.0 = Release|Any CPU
		{F0E0C963-9349-4770-A5E4-40A80B5C685D}.Release|x86.ActiveCfg = Release|Any CPU
		{F0E0C963-9349-4770-A5E4-40A80B5C685D}.Release|x86.Build.0 = Release|Any CPU
		{3D4B75EA-6D4D-4CC3-AFD8-A96263D3A1BF}.Debug|Any CPU.ActiveCfg = Debug|Any CPU
		{3D4B75EA-6D4D-4CC3-AFD8-A96263D3A1BF}.Debug|Any CPU.Build.0 = Debug|Any CPU
		{3D4B75EA-6D4D-4CC3-AFD8-A96263D3A1BF}.Debug|x64.ActiveCfg = Debug|Any CPU
		{3D4B75EA-6D4D-4CC3-AFD8-A96263D3A1BF}.Debug|x64.Build.0 = Debug|Any CPU
		{3D4B75EA-6D4D-4CC3-AFD8-A96263D3A1BF}.Debug|x86.ActiveCfg = Debug|Any CPU
		{3D4B75EA-6D4D-4CC3-AFD8-A96263D3A1BF}.Debug|x86.Build.0 = Debug|Any CPU
		{3D4B75EA-6D4D-4CC3-AFD8-A96263D3A1BF}.Release|Any CPU.ActiveCfg = Release|Any CPU
		{3D4B75EA-6D4D-4CC3-AFD8-A96263D3A1BF}.Release|Any CPU.Build.0 = Release|Any CPU
		{3D4B75EA-6D4D-4CC3-AFD8-A96263D3A1BF}.Release|x64.ActiveCfg = Release|Any CPU
		{3D4B75EA-6D4D-4CC3-AFD8-A96263D3A1BF}.Release|x64.Build.0 = Release|Any CPU
		{3D4B75EA-6D4D-4CC3-AFD8-A96263D3A1BF}.Release|x86.ActiveCfg = Release|Any CPU
		{3D4B75EA-6D4D-4CC3-AFD8-A96263D3A1BF}.Release|x86.Build.0 = Release|Any CPU
		{A550944B-0917-4088-9725-F20741ADC061}.Debug|Any CPU.ActiveCfg = Debug|Any CPU
		{A550944B-0917-4088-9725-F20741ADC061}.Debug|Any CPU.Build.0 = Debug|Any CPU
		{A550944B-0917-4088-9725-F20741ADC061}.Debug|x64.ActiveCfg = Debug|Any CPU
		{A550944B-0917-4088-9725-F20741ADC061}.Debug|x64.Build.0 = Debug|Any CPU
		{A550944B-0917-4088-9725-F20741ADC061}.Debug|x86.ActiveCfg = Debug|Any CPU
		{A550944B-0917-4088-9725-F20741ADC061}.Debug|x86.Build.0 = Debug|Any CPU
		{A550944B-0917-4088-9725-F20741ADC061}.Release|Any CPU.ActiveCfg = Release|Any CPU
		{A550944B-0917-4088-9725-F20741ADC061}.Release|Any CPU.Build.0 = Release|Any CPU
		{A550944B-0917-4088-9725-F20741ADC061}.Release|x64.ActiveCfg = Release|Any CPU
		{A550944B-0917-4088-9725-F20741ADC061}.Release|x64.Build.0 = Release|Any CPU
		{A550944B-0917-4088-9725-F20741ADC061}.Release|x86.ActiveCfg = Release|Any CPU
		{A550944B-0917-4088-9725-F20741ADC061}.Release|x86.Build.0 = Release|Any CPU
		{5B5100C3-52AB-4B47-8FEF-835280590DEB}.Debug|Any CPU.ActiveCfg = Debug|Any CPU
		{5B5100C3-52AB-4B47-8FEF-835280590DEB}.Debug|Any CPU.Build.0 = Debug|Any CPU
		{5B5100C3-52AB-4B47-8FEF-835280590DEB}.Debug|x64.ActiveCfg = Debug|Any CPU
		{5B5100C3-52AB-4B47-8FEF-835280590DEB}.Debug|x64.Build.0 = Debug|Any CPU
		{5B5100C3-52AB-4B47-8FEF-835280590DEB}.Debug|x86.ActiveCfg = Debug|Any CPU
		{5B5100C3-52AB-4B47-8FEF-835280590DEB}.Debug|x86.Build.0 = Debug|Any CPU
		{5B5100C3-52AB-4B47-8FEF-835280590DEB}.Release|Any CPU.ActiveCfg = Release|Any CPU
		{5B5100C3-52AB-4B47-8FEF-835280590DEB}.Release|Any CPU.Build.0 = Release|Any CPU
		{5B5100C3-52AB-4B47-8FEF-835280590DEB}.Release|x64.ActiveCfg = Release|Any CPU
		{5B5100C3-52AB-4B47-8FEF-835280590DEB}.Release|x64.Build.0 = Release|Any CPU
		{5B5100C3-52AB-4B47-8FEF-835280590DEB}.Release|x86.ActiveCfg = Release|Any CPU
		{5B5100C3-52AB-4B47-8FEF-835280590DEB}.Release|x86.Build.0 = Release|Any CPU
	EndGlobalSection
	GlobalSection(SolutionProperties) = preSolution
		HideSolutionNode = FALSE
	EndGlobalSection
	GlobalSection(NestedProjects) = preSolution
		{3D4B75EA-6D4D-4CC3-AFD8-A96263D3A1BF} = {0AB3BF05-4346-4AA6-1389-037BE0695223}
		{A550944B-0917-4088-9725-F20741ADC061} = {07C2787E-EAC7-C090-1BA3-A61EC2A24D84}
		{5B5100C3-52AB-4B47-8FEF-835280590DEB} = {07C2787E-EAC7-C090-1BA3-A61EC2A24D84}
	EndGlobalSection
	GlobalSection(ExtensibilityGlobals) = postSolution
		SolutionGuid = {B76D00D7-CF8D-4C16-9D19-4D26E3ABAC95}
	EndGlobalSection
	GlobalSection(MonoDevelopProperties) = preSolution
		StartupItem = hds\Hardline Dreams MxO server.csproj
	EndGlobalSection
EndGlobal
